
Microsoft Visual Studio Solution File, Format Version 12.00
Project("{FAE04EC0-301F-11D3-BF4B-00C04F79EFBC}") = "ClienteInventarioPlus", "ClienteInventarioPlus\ClienteInventarioPlus.csproj", "{A381BA31-7D03-42E0-A7EB-9B28781EFC61}"
EndProject
Project("{FAE04EC0-301F-11D3-BF4B-00C04F79EFBC}") = "ServidorInventarioPlus", "ServidorInventarioPlus\ServidorInventarioPlus.csproj", "{5797C060-B6D4-49D0-B8A6-EAB61F645326}"
EndProject
Project("{FAE04EC0-301F-11D3-BF4B-00C04F79EFBC}") = "BibliotecaClasesNetframework", "BibliotecaClasesNetframework\BibliotecaClasesNetframework.csproj", "{86853BAE-3479-47F3-9AF7-35F9194700F1}"
EndProject
Global
	GlobalSection(SolutionConfigurationPlatforms) = preSolution
		Debug|Any CPU = Debug|Any CPU
		Release|Any CPU = Release|Any CPU
	EndGlobalSection
	GlobalSection(ProjectConfigurationPlatforms) = postSolution
		{A381BA31-7D03-42E0-A7EB-9B28781EFC61}.Debug|Any CPU.ActiveCfg = Debug|Any CPU
		{A381BA31-7D03-42E0-A7EB-9B28781EFC61}.Debug|Any CPU.Build.0 = Debug|Any CPU
		{A381BA31-7D03-42E0-A7EB-9B28781EFC61}.Release|Any CPU.ActiveCfg = Release|Any CPU
		{A381BA31-7D03-42E0-A7EB-9B28781EFC61}.Release|Any CPU.Build.0 = Release|Any CPU
		{5797C060-B6D4-49D0-B8A6-EAB61F645326}.Debug|Any CPU.ActiveCfg = Debug|Any CPU
		{5797C060-B6D4-49D0-B8A6-EAB61F645326}.Debug|Any CPU.Build.0 = Debug|Any CPU
		{5797C060-B6D4-49D0-B8A6-EAB61F645326}.Release|Any CPU.ActiveCfg = Release|Any CPU
		{5797C060-B6D4-49D0-B8A6-EAB61F645326}.Release|Any CPU.Build.0 = Release|Any CPU
		{86853BAE-3479-47F3-9AF7-35F9194700F1}.Debug|Any CPU.ActiveCfg = Debug|Any CPU
		{86853BAE-3479-47F3-9AF7-35F9194700F1}.Debug|Any CPU.Build.0 = Debug|Any CPU
		{86853BAE-3479-47F3-9AF7-35F9194700F1}.Release|Any CPU.ActiveCfg = Release|Any CPU
		{86853BAE-3479-47F3-9AF7-35F9194700F1}.Release|Any CPU.Build.0 = Release|Any CPU
	EndGlobalSection
EndGlobal
